<?xml version="1.0" encoding="utf-8"?>
<Project ToolsVersion="4.0" xmlns="http://schemas.microsoft.com/developer/msbuild/2003">
  <ItemGroup>
    <Filter Include="Source Files">
      <UniqueIdentifier>{4FC737F1-C7A5-4376-A066-2A32D752A2FF}</UniqueIdentifier>
      <Extensions>cpp;c;cc;cxx;def;odl;idl;hpj;bat;asm;asmx</Extensions>
    </Filter>
    <Filter Include="Header Files">
      <UniqueIdentifier>{93995380-89BD-4b04-88EB-625FBE52EBFB}</UniqueIdentifier>
      <Extensions>h;hh;hpp;hxx;hm;inl;inc;xsd</Extensions>
    </Filter>
    <Filter Include="Resource Files">
      <UniqueIdentifier>{67DA6AB6-F800-4c08-8B7A-83BB121AAD01}</UniqueIdentifier>
      <Extensions>rc;ico;cur;bmp;dlg;rc2;rct;bin;rgs;gif;jpg;jpeg;jpe;resx;tiff;tif;png;wav;mfcribbon-ms</Extensions>
    </Filter>
    <Filter Include="Header Files\tester">
      <UniqueIdentifier>{69fd10ab-9472-4036-8e12-096bfcbcfc5c}</UniqueIdentifier>
    </Filter>
    <Filter Include="Source Files\tester">
      <UniqueIdentifier>{1975abb3-ac47-457e-b0c5-d8786a06a74a}</UniqueIdentifier>
    </Filter>
    <Filter Include="Source Files\testlib">
      <UniqueIdentifier>{355ff2a3-9175-4efd-8469-4861641b503c}</UniqueIdentifier>
    </Filter>
    <Filter Include="Header Files\testlib">
      <UniqueIdentifier>{06b701a8-3a25-45b5-8e1e-cee215458f98}</UniqueIdentifier>
    </Filter>
  </ItemGroup>
  <ItemGroup>
    <ClInclude Include="avsenv.h">
      <Filter>Header Files</Filter>
    </ClInclude>
    <ClInclude Include="parser.h">
      <Filter>Header Files</Filter>
    </ClInclude>
    <ClInclude Include="logger.h">
      <Filter>Header Files</Filter>
    </ClInclude>
    <ClInclude Include="avs_manager.h">
      <Filter>Header Files</Filter>
    </ClInclude>
    <ClInclude Include="framelist.h">
      <Filter>Header Files</Filter>
    </ClInclude>
    <ClInclude Include="testcase.h">
      <Filter>Header Files</Filter>
    </ClInclude>
    <ClInclude Include="tester.h">
      <Filter>Header Files</Filter>
    </ClInclude>
    <ClInclude Include="testlib\output.h">
      <Filter>Header Files\testlib</Filter>
    </ClInclude>
    <ClInclude Include="testlib\cpuid.h">
      <Filter>Header Files\testlib</Filter>
    </ClInclude>
    <ClInclude Include="testlib\dispatcher.h">
      <Filter>Header Files\testlib</Filter>
    </ClInclude>
    <ClInclude Include="tester\dll_output.h">
      <Filter>Header Files\tester</Filter>
    </ClInclude>
  </ItemGroup>
  <ItemGroup>
    <ClCompile Include="avscheck.cpp">
      <Filter>Source Files</Filter>
    </ClCompile>
    <ClCompile Include="parser.cpp">
      <Filter>Source Files</Filter>
    </ClCompile>
    <ClCompile Include="logger.cpp">
      <Filter>Source Files</Filter>
    </ClCompile>
    <ClCompile Include="framelist.cpp">
      <Filter>Source Files</Filter>
    </ClCompile>
    <ClCompile Include="testcase.cpp">
      <Filter>Source Files</Filter>
    </ClCompile>
    <ClCompile Include="testlib\cpuid.cpp">
      <Filter>Source Files\testlib</Filter>
    </ClCompile>
    <ClCompile Include="testlib\output.cpp">
      <Filter>Source Files\testlib</Filter>
    </ClCompile>
    <ClCompile Include="tester\dll_output.cpp">
      <Filter>Source Files\tester</Filter>
    </ClCompile>
  </ItemGroup>
</Project>